
Microsoft Visual Studio Solution File, Format Version 12.00
# Visual Studio 15
VisualStudioVersion = 15.0.28010.2026
MinimumVisualStudioVersion = 10.0.40219.1
Project("{8BC9CEB8-8B4A-11D0-8D11-00A0C91BC942}") = "work3_2", "OpenCV3\OpenCV3.vcxproj", "{5DA3BCF7-78C4-4ED5-A02A-4E1DB43C3011}"
EndProject
Global
	GlobalSection(SolutionConfigurationPlatforms) = preSolution
		Debug|x64 = Debug|x64
		Debug|x86 = Debug|x86
		Release|x64 = Release|x64
		Release|x86 = Release|x86
	EndGlobalSection
	GlobalSection(ProjectConfigurationPlatforms) = postSolution
		{5DA3BCF7-78C4-4ED5-A02A-4E1DB43C3011}.Debug|x64.ActiveCfg = Debug|x64
		{5DA3BCF7-78C4-4ED5-A02A-4E1DB43C3011}.Debug|x64.Build.0 = Debug|x64
		{5DA3BCF7-78C4-4ED5-A02A-4E1DB43C3011}.Debug|x86.ActiveCfg = Debug|Win32
		{5DA3BCF7-78C4-4ED5-A02A-4E1DB43C3011}.Debug|x86.Build.0 = Debug|Win32
		{5DA3BCF7-78C4-4ED5-A02A-4E1DB43C3011}.Release|x64.ActiveCfg = Release|x64
		{5DA3BCF7-78C4-4ED5-A02A-4E1DB43C3011}.Release|x64.Build.0 = Release|x64
		{5DA3BCF7-78C4-4ED5-A02A-4E1DB43C3011}.Release|x86.ActiveCfg = Release|Win32
		{5DA3BCF7-78C4-4ED5-A02A-4E1DB43C3011}.Release|x86.Build.0 = Release|Win32
	EndGlobalSection
	GlobalSection(SolutionProperties) = preSolution
		HideSolutionNode = FALSE
	EndGlobalSection
	GlobalSection(ExtensibilityGlobals) = postSolution
		SolutionGuid = {835D67B5-FF5F-47F9-A9BC-B994312F4632}
	EndGlobalSection
EndGlobal
